
Microsoft Visual Studio Solution File, Format Version 12.00
# Visual Studio Version 17
VisualStudioVersion = 17.0.32126.317
MinimumVisualStudioVersion = 10.0.40219.1
Project("{FAE04EC0-301F-11D3-BF4B-00C04F79EFBC}") = "PersonalTracking", "PersonalTracking.csproj", "{43FB38C5-C76A-4BD9-B9F6-66EBC064D8DB}"
EndProject
Project("{FAE04EC0-301F-11D3-BF4B-00C04F79EFBC}") = "BLL", "..\BLL\BLL.csproj", "{F8FEFD7F-A886-40CA-B976-C392755670CC}"
EndProject
Project("{FAE04EC0-301F-11D3-BF4B-00C04F79EFBC}") = "DAL", "..\DAL\DAL.csproj", "{3BE6B0E4-B480-4AB9-B5FF-F1E2DF89A129}"
EndProject
Global
	GlobalSection(SolutionConfigurationPlatforms) = preSolution
		Debug|Any CPU = Debug|Any CPU
		Release|Any CPU = Release|Any CPU
	EndGlobalSection
	GlobalSection(ProjectConfigurationPlatforms) = postSolution
		{43FB38C5-C76A-4BD9-B9F6-66EBC064D8DB}.Debug|Any CPU.ActiveCfg = Debug|Any CPU
		{43FB38C5-C76A-4BD9-B9F6-66EBC064D8DB}.Debug|Any CPU.Build.0 = Debug|Any CPU
		{43FB38C5-C76A-4BD9-B9F6-66EBC064D8DB}.Release|Any CPU.ActiveCfg = Release|Any CPU
		{43FB38C5-C76A-4BD9-B9F6-66EBC064D8DB}.Release|Any CPU.Build.0 = Release|Any CPU
		{F8FEFD7F-A886-40CA-B976-C392755670CC}.Debug|Any CPU.ActiveCfg = Debug|Any CPU
		{F8FEFD7F-A886-40CA-B976-C392755670CC}.Debug|Any CPU.Build.0 = Debug|Any CPU
		{F8FEFD7F-A886-40CA-B976-C392755670CC}.Release|Any CPU.ActiveCfg = Release|Any CPU
		{F8FEFD7F-A886-40CA-B976-C392755670CC}.Release|Any CPU.Build.0 = Release|Any CPU
		{3BE6B0E4-B480-4AB9-B5FF-F1E2DF89A129}.Debug|Any CPU.ActiveCfg = Debug|Any CPU
		{3BE6B0E4-B480-4AB9-B5FF-F1E2DF89A129}.Debug|Any CPU.Build.0 = Debug|Any CPU
		{3BE6B0E4-B480-4AB9-B5FF-F1E2DF89A129}.Release|Any CPU.ActiveCfg = Release|Any CPU
		{3BE6B0E4-B480-4AB9-B5FF-F1E2DF89A129}.Release|Any CPU.Build.0 = Release|Any CPU
	EndGlobalSection
	GlobalSection(SolutionProperties) = preSolution
		HideSolutionNode = FALSE
	EndGlobalSection
	GlobalSection(ExtensibilityGlobals) = postSolution
		SolutionGuid = {EBEF7D05-EA6E-4863-B3F2-485356ED2841}
	EndGlobalSection
EndGlobal
